
Microsoft Visual Studio Solution File, Format Version 12.00
# Visual Studio 15
VisualStudioVersion = 15.0.28307.1259
MinimumVisualStudioVersion = 10.0.40219.1
Project("{9A19103F-16F7-4668-BE54-9A1E7A4F7556}") = "1.MatchTickets", "1.MatchTickets\1.MatchTickets.csproj", "{4D334412-8234-419C-8D59-9C253910073A}"
EndProject
Project("{9A19103F-16F7-4668-BE54-9A1E7A4F7556}") = "2.BikeRace", "2.BikeRace\2.BikeRace.csproj", "{624053D6-4593-469E-B495-4993AFF7B01D}"
EndProject
Project("{9A19103F-16F7-4668-BE54-9A1E7A4F7556}") = "3.Flowers", "3.Flowers\3.Flowers.csproj", "{80C214E3-CF91-41CD-9CD2-27103AAAC48E}"
EndProject
Project("{FAE04EC0-301F-11D3-BF4B-00C04F79EFBC}") = "4.CarToGo", "4.CarToGo\4.CarToGo.csproj", "{2192C8E3-5BAC-4113-B12B-6A031E072B59}"
EndProject
Project("{FAE04EC0-301F-11D3-BF4B-00C04F79EFBC}") = "5.Vacation", "5.Vacation\5.Vacation.csproj", "{3C3EF227-EE9C-4AAE-83C0-0057A5CD0047}"
EndProject
Project("{FAE04EC0-301F-11D3-BF4B-00C04F79EFBC}") = "6.TruckDriver", "6.TruckDriver\6.TruckDriver.csproj", "{CFB6FA6F-BB8D-4782-B1A2-986FECAB68BD}"
EndProject
Project("{FAE04EC0-301F-11D3-BF4B-00C04F79EFBC}") = "7.SchoolCamp", "7.SchoolCamp\7.SchoolCamp.csproj", "{B92FE12D-C2E8-4F0A-A0FE-9CCB605E0989}"
EndProject
Project("{FAE04EC0-301F-11D3-BF4B-00C04F79EFBC}") = "8.PointOnRectangleBorder", "8.PointOnRectangleBorder\8.PointOnRectangleBorder.csproj", "{E4816135-73B5-492D-8C33-F7DEFB48071D}"
EndProject
Project("{FAE04EC0-301F-11D3-BF4B-00C04F79EFBC}") = "9.NumbersFrom1to10", "9. NumbersFrom1to10\9.NumbersFrom1to10.csproj", "{2E74CBE5-C1EF-4964-BB05-B09F2C262920}"
EndProject
Project("{FAE04EC0-301F-11D3-BF4B-00C04F79EFBC}") = "a10.MultiplyBy2", "a10.MultiplyBy2\a10.MultiplyBy2.csproj", "{52380D48-29FE-44F2-B282-D96628A6A4CB}"
EndProject
Global
	GlobalSection(SolutionConfigurationPlatforms) = preSolution
		Debug|Any CPU = Debug|Any CPU
		Release|Any CPU = Release|Any CPU
	EndGlobalSection
	GlobalSection(ProjectConfigurationPlatforms) = postSolution
		{4D334412-8234-419C-8D59-9C253910073A}.Debug|Any CPU.ActiveCfg = Debug|Any CPU
		{4D334412-8234-419C-8D59-9C253910073A}.Debug|Any CPU.Build.0 = Debug|Any CPU
		{4D334412-8234-419C-8D59-9C253910073A}.Release|Any CPU.ActiveCfg = Release|Any CPU
		{4D334412-8234-419C-8D59-9C253910073A}.Release|Any CPU.Build.0 = Release|Any CPU
		{624053D6-4593-469E-B495-4993AFF7B01D}.Debug|Any CPU.ActiveCfg = Debug|Any CPU
		{624053D6-4593-469E-B495-4993AFF7B01D}.Debug|Any CPU.Build.0 = Debug|Any CPU
		{624053D6-4593-469E-B495-4993AFF7B01D}.Release|Any CPU.ActiveCfg = Release|Any CPU
		{624053D6-4593-469E-B495-4993AFF7B01D}.Release|Any CPU.Build.0 = Release|Any CPU
		{80C214E3-CF91-41CD-9CD2-27103AAAC48E}.Debug|Any CPU.ActiveCfg = Debug|Any CPU
		{80C214E3-CF91-41CD-9CD2-27103AAAC48E}.Debug|Any CPU.Build.0 = Debug|Any CPU
		{80C214E3-CF91-41CD-9CD2-27103AAAC48E}.Release|Any CPU.ActiveCfg = Release|Any CPU
		{80C214E3-CF91-41CD-9CD2-27103AAAC48E}.Release|Any CPU.Build.0 = Release|Any CPU
		{2192C8E3-5BAC-4113-B12B-6A031E072B59}.Debug|Any CPU.ActiveCfg = Debug|Any CPU
		{2192C8E3-5BAC-4113-B12B-6A031E072B59}.Debug|Any CPU.Build.0 = Debug|Any CPU
		{2192C8E3-5BAC-4113-B12B-6A031E072B59}.Release|Any CPU.ActiveCfg = Release|Any CPU
		{2192C8E3-5BAC-4113-B12B-6A031E072B59}.Release|Any CPU.Build.0 = Release|Any CPU
		{3C3EF227-EE9C-4AAE-83C0-0057A5CD0047}.Debug|Any CPU.ActiveCfg = Debug|Any CPU
		{3C3EF227-EE9C-4AAE-83C0-0057A5CD0047}.Debug|Any CPU.Build.0 = Debug|Any CPU
		{3C3EF227-EE9C-4AAE-83C0-0057A5CD0047}.Release|Any CPU.ActiveCfg = Release|Any CPU
		{3C3EF227-EE9C-4AAE-83C0-0057A5CD0047}.Release|Any CPU.Build.0 = Release|Any CPU
		{CFB6FA6F-BB8D-4782-B1A2-986FECAB68BD}.Debug|Any CPU.ActiveCfg = Debug|Any CPU
		{CFB6FA6F-BB8D-4782-B1A2-986FECAB68BD}.Debug|Any CPU.Build.0 = Debug|Any CPU
		{CFB6FA6F-BB8D-4782-B1A2-986FECAB68BD}.Release|Any CPU.ActiveCfg = Release|Any CPU
		{CFB6FA6F-BB8D-4782-B1A2-986FECAB68BD}.Release|Any CPU.Build.0 = Release|Any CPU
		{B92FE12D-C2E8-4F0A-A0FE-9CCB605E0989}.Debug|Any CPU.ActiveCfg = Debug|Any CPU
		{B92FE12D-C2E8-4F0A-A0FE-9CCB605E0989}.Debug|Any CPU.Build.0 = Debug|Any CPU
		{B92FE12D-C2E8-4F0A-A0FE-9CCB605E0989}.Release|Any CPU.ActiveCfg = Release|Any CPU
		{B92FE12D-C2E8-4F0A-A0FE-9CCB605E0989}.Release|Any CPU.Build.0 = Release|Any CPU
		{E4816135-73B5-492D-8C33-F7DEFB48071D}.Debug|Any CPU.ActiveCfg = Debug|Any CPU
		{E4816135-73B5-492D-8C33-F7DEFB48071D}.Debug|Any CPU.Build.0 = Debug|Any CPU
		{E4816135-73B5-492D-8C33-F7DEFB48071D}.Release|Any CPU.ActiveCfg = Release|Any CPU
		{E4816135-73B5-492D-8C33-F7DEFB48071D}.Release|Any CPU.Build.0 = Release|Any CPU
		{2E74CBE5-C1EF-4964-BB05-B09F2C262920}.Debug|Any CPU.ActiveCfg = Debug|Any CPU
		{2E74CBE5-C1EF-4964-BB05-B09F2C262920}.Debug|Any CPU.Build.0 = Debug|Any CPU
		{2E74CBE5-C1EF-4964-BB05-B09F2C262920}.Release|Any CPU.ActiveCfg = Release|Any CPU
		{2E74CBE5-C1EF-4964-BB05-B09F2C262920}.Release|Any CPU.Build.0 = Release|Any CPU
		{52380D48-29FE-44F2-B282-D96628A6A4CB}.Debug|Any CPU.ActiveCfg = Debug|Any CPU
		{52380D48-29FE-44F2-B282-D96628A6A4CB}.Debug|Any CPU.Build.0 = Debug|Any CPU
		{52380D48-29FE-44F2-B282-D96628A6A4CB}.Release|Any CPU.ActiveCfg = Release|Any CPU
		{52380D48-29FE-44F2-B282-D96628A6A4CB}.Release|Any CPU.Build.0 = Release|Any CPU
	EndGlobalSection
	GlobalSection(SolutionProperties) = preSolution
		HideSolutionNode = FALSE
	EndGlobalSection
	GlobalSection(ExtensibilityGlobals) = postSolution
		SolutionGuid = {7F4139E7-ADB3-43D1-A407-0DD241AA30A5}
	EndGlobalSection
EndGlobal
