
Microsoft Visual Studio Solution File, Format Version 12.00
# Visual Studio 15
VisualStudioVersion = 15.0.28307.1259
MinimumVisualStudioVersion = 10.0.40219.1
Project("{FAE04EC0-301F-11D3-BF4B-00C04F79EFBC}") = "01SumSeconds", "01SumSeconds\01SumSeconds.csproj", "{C5A9B9CF-1518-49A0-A1CC-03C4755DDF19}"
EndProject
Project("{FAE04EC0-301F-11D3-BF4B-00C04F79EFBC}") = "02BonusScore", "02BonusScore\02BonusScore.csproj", "{DF74B3C9-4835-4F94-A88C-D91CAF3A7B62}"
EndProject
Project("{FAE04EC0-301F-11D3-BF4B-00C04F79EFBC}") = "04MetricConverter", "04MetricConverter\04MetricConverter.csproj", "{4F2D4687-EA2B-4265-B7D4-A2F56472B760}"
EndProject
Project("{FAE04EC0-301F-11D3-BF4B-00C04F79EFBC}") = "06GodzillaVsKong", "06GodzillaVsKong\06GodzillaVsKong.csproj", "{6183840B-A95C-4FD5-A437-97AC31D6C67E}"
EndProject
Project("{FAE04EC0-301F-11D3-BF4B-00C04F79EFBC}") = "07WorldSwimmingRecord", "07WorldSwimmingRecord\07WorldSwimmingRecord.csproj", "{B509FD84-0013-47AF-A038-5C8FB1591D3F}"
EndProject
Project("{FAE04EC0-301F-11D3-BF4B-00C04F79EFBC}") = "08Scholarship", "08Scholarship\08Scholarship.csproj", "{F17EB308-05E5-48C1-8347-C5594012F0A4}"
EndProject
Project("{FAE04EC0-301F-11D3-BF4B-00C04F79EFBC}") = "03SpeedInfo", "03SpeedInfo\03SpeedInfo.csproj", "{CA488389-9789-4731-AD4B-E2AF3783F3DC}"
EndProject
Project("{FAE04EC0-301F-11D3-BF4B-00C04F79EFBC}") = "05Time+15Minutes", "05Time+15Minutes\05Time+15Minutes.csproj", "{358620AA-9241-4D0E-9A35-0B99E1AE07DD}"
EndProject
Global
	GlobalSection(SolutionConfigurationPlatforms) = preSolution
		Debug|Any CPU = Debug|Any CPU
		Release|Any CPU = Release|Any CPU
	EndGlobalSection
	GlobalSection(ProjectConfigurationPlatforms) = postSolution
		{C5A9B9CF-1518-49A0-A1CC-03C4755DDF19}.Debug|Any CPU.ActiveCfg = Debug|Any CPU
		{C5A9B9CF-1518-49A0-A1CC-03C4755DDF19}.Debug|Any CPU.Build.0 = Debug|Any CPU
		{C5A9B9CF-1518-49A0-A1CC-03C4755DDF19}.Release|Any CPU.ActiveCfg = Release|Any CPU
		{C5A9B9CF-1518-49A0-A1CC-03C4755DDF19}.Release|Any CPU.Build.0 = Release|Any CPU
		{DF74B3C9-4835-4F94-A88C-D91CAF3A7B62}.Debug|Any CPU.ActiveCfg = Debug|Any CPU
		{DF74B3C9-4835-4F94-A88C-D91CAF3A7B62}.Debug|Any CPU.Build.0 = Debug|Any CPU
		{DF74B3C9-4835-4F94-A88C-D91CAF3A7B62}.Release|Any CPU.ActiveCfg = Release|Any CPU
		{DF74B3C9-4835-4F94-A88C-D91CAF3A7B62}.Release|Any CPU.Build.0 = Release|Any CPU
		{4F2D4687-EA2B-4265-B7D4-A2F56472B760}.Debug|Any CPU.ActiveCfg = Debug|Any CPU
		{4F2D4687-EA2B-4265-B7D4-A2F56472B760}.Debug|Any CPU.Build.0 = Debug|Any CPU
		{4F2D4687-EA2B-4265-B7D4-A2F56472B760}.Release|Any CPU.ActiveCfg = Release|Any CPU
		{4F2D4687-EA2B-4265-B7D4-A2F56472B760}.Release|Any CPU.Build.0 = Release|Any CPU
		{6183840B-A95C-4FD5-A437-97AC31D6C67E}.Debug|Any CPU.ActiveCfg = Debug|Any CPU
		{6183840B-A95C-4FD5-A437-97AC31D6C67E}.Debug|Any CPU.Build.0 = Debug|Any CPU
		{6183840B-A95C-4FD5-A437-97AC31D6C67E}.Release|Any CPU.ActiveCfg = Release|Any CPU
		{6183840B-A95C-4FD5-A437-97AC31D6C67E}.Release|Any CPU.Build.0 = Release|Any CPU
		{B509FD84-0013-47AF-A038-5C8FB1591D3F}.Debug|Any CPU.ActiveCfg = Debug|Any CPU
		{B509FD84-0013-47AF-A038-5C8FB1591D3F}.Debug|Any CPU.Build.0 = Debug|Any CPU
		{B509FD84-0013-47AF-A038-5C8FB1591D3F}.Release|Any CPU.ActiveCfg = Release|Any CPU
		{B509FD84-0013-47AF-A038-5C8FB1591D3F}.Release|Any CPU.Build.0 = Release|Any CPU
		{F17EB308-05E5-48C1-8347-C5594012F0A4}.Debug|Any CPU.ActiveCfg = Debug|Any CPU
		{F17EB308-05E5-48C1-8347-C5594012F0A4}.Debug|Any CPU.Build.0 = Debug|Any CPU
		{F17EB308-05E5-48C1-8347-C5594012F0A4}.Release|Any CPU.ActiveCfg = Release|Any CPU
		{F17EB308-05E5-48C1-8347-C5594012F0A4}.Release|Any CPU.Build.0 = Release|Any CPU
		{CA488389-9789-4731-AD4B-E2AF3783F3DC}.Debug|Any CPU.ActiveCfg = Debug|Any CPU
		{CA488389-9789-4731-AD4B-E2AF3783F3DC}.Debug|Any CPU.Build.0 = Debug|Any CPU
		{CA488389-9789-4731-AD4B-E2AF3783F3DC}.Release|Any CPU.ActiveCfg = Release|Any CPU
		{CA488389-9789-4731-AD4B-E2AF3783F3DC}.Release|Any CPU.Build.0 = Release|Any CPU
		{358620AA-9241-4D0E-9A35-0B99E1AE07DD}.Debug|Any CPU.ActiveCfg = Debug|Any CPU
		{358620AA-9241-4D0E-9A35-0B99E1AE07DD}.Debug|Any CPU.Build.0 = Debug|Any CPU
		{358620AA-9241-4D0E-9A35-0B99E1AE07DD}.Release|Any CPU.ActiveCfg = Release|Any CPU
		{358620AA-9241-4D0E-9A35-0B99E1AE07DD}.Release|Any CPU.Build.0 = Release|Any CPU
	EndGlobalSection
	GlobalSection(SolutionProperties) = preSolution
		HideSolutionNode = FALSE
	EndGlobalSection
	GlobalSection(ExtensibilityGlobals) = postSolution
		SolutionGuid = {9C2EFC66-34D8-4BCC-8EC1-F4342994F10E}
	EndGlobalSection
EndGlobal
